// !$*UTF8*$!
{
	archiveVersion = 1;
	classes = {
	};
	objectVersion = 48;
	objects = {

/* Begin PBXBuildFile section */
		9C5908FA200E0D44006512EB /* main.swift in Sources */ = {isa = PBXBuildFile; fileRef = 9C5908F9200E0D44006512EB /* main.swift */; };
		9C590905200E1205006512EB /* Test.swift in Sources */ = {isa = PBXBuildFile; fileRef = 9C590900200E1204006512EB /* Test.swift */; };
		9C590906200E1205006512EB /* ConnectionBI.swift in Sources */ = {isa = PBXBuildFile; fileRef = 9C590901200E1204006512EB /* ConnectionBI.swift */; };
		9C590907200E1205006512EB /* FireLight.swift in Sources */ = {isa = PBXBuildFile; fileRef = 9C590902200E1204006512EB /* FireLight.swift */; };
		9C590908200E1205006512EB /* DeviceList.swift in Sources */ = {isa = PBXBuildFile; fileRef = 9C590903200E1205006512EB /* DeviceList.swift */; };
		9C590909200E1205006512EB /* LedControl.swift in Sources */ = {isa = PBXBuildFile; fileRef = 9C590904200E1205006512EB /* LedControl.swift */; };
/* End PBXBuildFile section */

/* Begin PBXCopyFilesBuildPhase section */
		9C5908F4200E0D44006512EB /* CopyFiles */ = {
			isa = PBXCopyFilesBuildPhase;
			buildActionMask = 2147483647;
			dstPath = /usr/share/man/man1/;
			dstSubfolderSpec = 0;
			files = (
			);
			runOnlyForDeploymentPostprocessing = 1;
		};
/* End PBXCopyFilesBuildPhase section */

/* Begin PBXFileReference section */
		9C5908F6200E0D44006512EB /* FirelightCode */ = {isa = PBXFileReference; explicitFileType = "compiled.mach-o.executable"; includeInIndex = 0; path = FirelightCode; sourceTree = BUILT_PRODUCTS_DIR; };
		9C5908F9200E0D44006512EB /* main.swift */ = {isa = PBXFileReference; lastKnownFileType = sourcecode.swift; path = main.swift; sourceTree = "<group>"; };
		9C590900200E1204006512EB /* Test.swift */ = {isa = PBXFileReference; fileEncoding = 4; lastKnownFileType = sourcecode.swift; name = Test.swift; path = FirelightCode/Ressources/Test.swift; sourceTree = "<group>"; };
		9C590901200E1204006512EB /* ConnectionBI.swift */ = {isa = PBXFileReference; fileEncoding = 4; lastKnownFileType = sourcecode.swift; name = ConnectionBI.swift; path = FirelightCode/Ressources/ConnectionBI.swift; sourceTree = "<group>"; };
		9C590902200E1204006512EB /* FireLight.swift */ = {isa = PBXFileReference; fileEncoding = 4; lastKnownFileType = sourcecode.swift; name = FireLight.swift; path = FirelightCode/Ressources/FireLight.swift; sourceTree = "<group>"; };
		9C590903200E1205006512EB /* DeviceList.swift */ = {isa = PBXFileReference; fileEncoding = 4; lastKnownFileType = sourcecode.swift; name = DeviceList.swift; path = FirelightCode/Ressources/DeviceList.swift; sourceTree = "<group>"; };
		9C590904200E1205006512EB /* LedControl.swift */ = {isa = PBXFileReference; fileEncoding = 4; lastKnownFileType = sourcecode.swift; name = LedControl.swift; path = FirelightCode/Ressources/LedControl.swift; sourceTree = "<group>"; };
/* End PBXFileReference section */

/* Begin PBXFrameworksBuildPhase section */
		9C5908F3200E0D44006512EB /* Frameworks */ = {
			isa = PBXFrameworksBuildPhase;
			buildActionMask = 2147483647;
			files = (
			);
			runOnlyForDeploymentPostprocessing = 0;
		};
/* End PBXFrameworksBuildPhase section */

/* Begin PBXGroup section */
		9C5908ED200E0D44006512EB = {
			isa = PBXGroup;
			children = (
				9C590901200E1204006512EB /* ConnectionBI.swift */,
				9C590903200E1205006512EB /* DeviceList.swift */,
				9C590902200E1204006512EB /* FireLight.swift */,
				9C590904200E1205006512EB /* LedControl.swift */,
				9C590900200E1204006512EB /* Test.swift */,
				9C5908F8200E0D44006512EB /* FirelightCode */,
				9C5908F7200E0D44006512EB /* Products */,
			);
			sourceTree = "<group>";
		};
		9C5908F7200E0D44006512EB /* Products */ = {
			isa = PBXGroup;
			children = (
				9C5908F6200E0D44006512EB /* FirelightCode */,
			);
			name = Products;
			sourceTree = "<group>";
		};
		9C5908F8200E0D44006512EB /* FirelightCode */ = {
			isa = PBXGroup;
			children = (
				9C5908F9200E0D44006512EB /* main.swift */,
			);
			path = FirelightCode;
			sourceTree = "<group>";
		};
/* End PBXGroup section */

/* Begin PBXNativeTarget section */
		9C5908F5200E0D44006512EB /* FirelightCode */ = {
			isa = PBXNativeTarget;
			buildConfigurationList = 9C5908FD200E0D44006512EB /* Build configuration list for PBXNativeTarget "FirelightCode" */;
			buildPhases = (
				9C5908F2200E0D44006512EB /* Sources */,
				9C5908F3200E0D44006512EB /* Frameworks */,
				9C5908F4200E0D44006512EB /* CopyFiles */,
			);
			buildRules = (
			);
			dependencies = (
			);
			name = FirelightCode;
			productName = FirelightCode;
			productReference = 9C5908F6200E0D44006512EB /* FirelightCode */;
			productType = "com.apple.product-type.tool";
		};
/* End PBXNativeTarget section */

/* Begin PBXProject section */
		9C5908EE200E0D44006512EB /* Project object */ = {
			isa = PBXProject;
			attributes = {
				LastSwiftUpdateCheck = 0920;
				LastUpgradeCheck = 0920;
				ORGANIZATIONNAME = "The le Cyber's industry";
				TargetAttributes = {
					9C5908F5200E0D44006512EB = {
						CreatedOnToolsVersion = 9.2;
						ProvisioningStyle = Automatic;
					};
				};
			};
			buildConfigurationList = 9C5908F1200E0D44006512EB /* Build configuration list for PBXProject "FirelightCode" */;
			compatibilityVersion = "Xcode 8.0";
			developmentRegion = en;
			hasScannedForEncodings = 0;
			knownRegions = (
				en,
			);
			mainGroup = 9C5908ED200E0D44006512EB;
			productRefGroup = 9C5908F7200E0D44006512EB /* Products */;
			projectDirPath = "";
			projectRoot = "";
			targets = (
				9C5908F5200E0D44006512EB /* FirelightCode */,
			);
		};
/* End PBXProject section */

/* Begin PBXSourcesBuildPhase section */
		9C5908F2200E0D44006512EB /* Sources */ = {
			isa = PBXSourcesBuildPhase;
			buildActionMask = 2147483647;
			files = (
				9C590908200E1205006512EB /* DeviceList.swift in Sources */,
				9C590907200E1205006512EB /* FireLight.swift in Sources */,
				9C590906200E1205006512EB /* ConnectionBI.swift in Sources */,
				9C5908FA200E0D44006512EB /* main.swift in Sources */,
				9C590905200E1205006512EB /* Test.swift in Sources */,
				9C590909200E1205006512EB /* LedControl.swift in Sources */,
			);
			runOnlyForDeploymentPostprocessing = 0;
		};
/* End PBXSourcesBuildPhase section */

/* Begin XCBuildConfiguration section */
		9C5908FB200E0D44006512EB /* Debug */ = {
			isa = XCBuildConfiguration;
			buildSettings = {
				ALWAYS_SEARCH_USER_PATHS = NO;
				CLANG_ANALYZER_NONNULL = YES;
				CLANG_ANALYZER_NUMBER_OBJECT_CONVERSION = YES_AGGRESSIVE;
				CLANG_CXX_LANGUAGE_STANDARD = "gnu++14";
				CLANG_CXX_LIBRARY = "libc++";
				CLANG_ENABLE_MODULES = YES;
				CLANG_ENABLE_OBJC_ARC = YES;
				CLANG_WARN_BLOCK_CAPTURE_AUTORELEASING = YES;
				CLANG_WARN_BOOL_CONVERSION = YES;
				CLANG_WARN_COMMA = YES;
				CLANG_WARN_CONSTANT_CONVERSION = YES;
				CLANG_WARN_DIRECT_OBJC_ISA_USAGE = YES_ERROR;
				CLANG_WARN_DOCUMENTATION_COMMENTS = YES;
				CLANG_WARN_EMPTY_BODY = YES;
				CLANG_WARN_ENUM_CONVERSION = YES;
				CLANG_WARN_INFINITE_RECURSION = YES;
				CLANG_WARN_INT_CONVERSION = YES;
				CLANG_WARN_NON_LITERAL_NULL_CONVERSION = YES;
				CLANG_WARN_OBJC_LITERAL_CONVERSION = YES;
				CLANG_WARN_OBJC_ROOT_CLASS = YES_ERROR;
				CLANG_WARN_RANGE_LOOP_ANALYSIS = YES;
				CLANG_WARN_STRICT_PROTOTYPES = YES;
				CLANG_WARN_SUSPICIOUS_MOVE = YES;
				CLANG_WARN_UNGUARDED_AVAILABILITY = YES_AGGRESSIVE;
				CLANG_WARN_UNREACHABLE_CODE = YES;
				CLANG_WARN__DUPLICATE_METHOD_MATCH = YES;
				CODE_SIGN_IDENTITY = "-";
				COPY_PHASE_STRIP = NO;
				DEBUG_INFORMATION_FORMAT = dwarf;
				ENABLE_STRICT_OBJC_MSGSEND = YES;
				ENABLE_TESTABILITY = YES;
				GCC_C_LANGUAGE_STANDARD = gnu11;
				GCC_DYNAMIC_NO_PIC = NO;
				GCC_NO_COMMON_BLOCKS = YES;
				GCC_OPTIMIZATION_LEVEL = 0;
				GCC_PREPROCESSOR_DEFINITIONS = (
					"DEBUG=1",
					"$(inherited)",
				);
				GCC_WARN_64_TO_32_BIT_CONVERSION = YES;
				GCC_WARN_ABOUT_RETURN_TYPE = YES_ERROR;
				GCC_WARN_UNDECLARED_SELECTOR = YES;
				GCC_WARN_UNINITIALIZED_AUTOS = YES_AGGRESSIVE;
				GCC_WARN_UNUSED_FUNCTION = YES;
				GCC_WARN_UNUSED_VARIABLE = YES;
				MACOSX_DEPLOYMENT_TARGET = 10.13;
				MTL_ENABLE_DEBUG_INFO = YES;
				ONLY_ACTIVE_ARCH = YES;
				SDKROOT = macosx;
				SWIFT_ACTIVE_COMPILATION_CONDITIONS = DEBUG;
				SWIFT_OPTIMIZATION_LEVEL = "-Onone";
			};
			name = Debug;
		};
		9C5908FC200E0D44006512EB /* Release */ = {
			isa = XCBuildConfiguration;
			buildSettings = {
				ALWAYS_SEARCH_USER_PATHS = NO;
				CLANG_ANALYZER_NONNULL = YES;
				CLANG_ANALYZER_NUMBER_OBJECT_CONVERSION = YES_AGGRESSIVE;
				CLANG_CXX_LANGUAGE_STANDARD = "gnu++14";
				CLANG_CXX_LIBRARY = "libc++";
				CLANG_ENABLE_MODULES = YES;
				CLANG_ENABLE_OBJC_ARC = YES;
				CLANG_WARN_BLOCK_CAPTURE_AUTORELEASING = YES;
				CLANG_WARN_BOOL_CONVERSION = YES;
				CLANG_WARN_COMMA = YES;
				CLANG_WARN_CONSTANT_CONVERSION = YES;
				CLANG_WARN_DIRECT_OBJC_ISA_USAGE = YES_ERROR;
				CLANG_WARN_DOCUMENTATION_COMMENTS = YES;
				CLANG_WARN_EMPTY_BODY = YES;
				CLANG_WARN_ENUM_CONVERSION = YES;
				CLANG_WARN_INFINITE_RECURSION = YES;
				CLANG_WARN_INT_CONVERSION = YES;
				CLANG_WARN_NON_LITERAL_NULL_CONVERSION = YES;
				CLANG_WARN_OBJC_LITERAL_CONVERSION = YES;
				CLANG_WARN_OBJC_ROOT_CLASS = YES_ERROR;
				CLANG_WARN_RANGE_LOOP_ANALYSIS = YES;
				CLANG_WARN_STRICT_PROTOTYPES = YES;
				CLANG_WARN_SUSPICIOUS_MOVE = YES;
				CLANG_WARN_UNGUARDED_AVAILABILITY = YES_AGGRESSIVE;
				CLANG_WARN_UNREACHABLE_CODE = YES;
				CLANG_WARN__DUPLICATE_METHOD_MATCH = YES;
				CODE_SIGN_IDENTITY = "-";
				COPY_PHASE_STRIP = NO;
				DEBUG_INFORMATION_FORMAT = "dwarf-with-dsym";
				ENABLE_NS_ASSERTIONS = NO;
				ENABLE_STRICT_OBJC_MSGSEND = YES;
				GCC_C_LANGUAGE_STANDARD = gnu11;
				GCC_NO_COMMON_BLOCKS = YES;
				GCC_WARN_64_TO_32_BIT_CONVERSION = YES;
				GCC_WARN_ABOUT_RETURN_TYPE = YES_ERROR;
				GCC_WARN_UNDECLARED_SELECTOR = YES;
				GCC_WARN_UNINITIALIZED_AUTOS = YES_AGGRESSIVE;
				GCC_WARN_UNUSED_FUNCTION = YES;
				GCC_WARN_UNUSED_VARIABLE = YES;
				MACOSX_DEPLOYMENT_TARGET = 10.13;
				MTL_ENABLE_DEBUG_INFO = NO;
				SDKROOT = macosx;
				SWIFT_OPTIMIZATION_LEVEL = "-Owholemodule";
			};
			name = Release;
		};
		9C5908FE200E0D44006512EB /* Debug */ = {
			isa = XCBuildConfiguration;
			buildSettings = {
				CODE_SIGN_STYLE = Automatic;
				PRODUCT_NAME = "$(TARGET_NAME)";
				SWIFT_VERSION = 4.0;
			};
			name = Debug;
		};
		9C5908FF200E0D44006512EB /* Release */ = {
			isa = XCBuildConfiguration;
			buildSettings = {
				CODE_SIGN_STYLE = Automatic;
				PRODUCT_NAME = "$(TARGET_NAME)";
				SWIFT_VERSION = 4.0;
			};
			name = Release;
		};
/* End XCBuildConfiguration section */

/* Begin XCConfigurationList section */
		9C5908F1200E0D44006512EB /* Build configuration list for PBXProject "FirelightCode" */ = {
			isa = XCConfigurationList;
			buildConfigurations = (
				9C5908FB200E0D44006512EB /* Debug */,
				9C5908FC200E0D44006512EB /* Release */,
			);
			defaultConfigurationIsVisible = 0;
			defaultConfigurationName = Release;
		};
		9C5908FD200E0D44006512EB /* Build configuration list for PBXNativeTarget "FirelightCode" */ = {
			isa = XCConfigurationList;
			buildConfigurations = (
				9C5908FE200E0D44006512EB /* Debug */,
				9C5908FF200E0D44006512EB /* Release */,
			);
			defaultConfigurationIsVisible = 0;
			defaultConfigurationName = Release;
		};
/* End XCConfigurationList section */
	};
	rootObject = 9C5908EE200E0D44006512EB /* Project object */;
}
