// !$*UTF8*$!
{
	archiveVersion = 1;
	classes = {
	};
	objectVersion = 48;
	objects = {

/* Begin PBXBuildFile section */
		8B270F9920123D09002179EB /* DeviceListViewController.swift in Sources */ = {isa = PBXBuildFile; fileRef = 8B270F9820123D09002179EB /* DeviceListViewController.swift */; };
		8B270F9D20123EE4002179EB /* DeviceViewController.swift in Sources */ = {isa = PBXBuildFile; fileRef = 8B270F9C20123EE4002179EB /* DeviceViewController.swift */; };
		8B7C99222015F40700BF0D40 /* item1ViewController.swift in Sources */ = {isa = PBXBuildFile; fileRef = 8B7C99212015F40700BF0D40 /* item1ViewController.swift */; };
		8B7C9924201624BB00BF0D40 /* item2ViewController.swift in Sources */ = {isa = PBXBuildFile; fileRef = 8B7C9923201624BB00BF0D40 /* item2ViewController.swift */; };
		9C590926200E4F69006512EB /* AppDelegate.swift in Sources */ = {isa = PBXBuildFile; fileRef = 9C590925200E4F69006512EB /* AppDelegate.swift */; };
		9C590928200E4F69006512EB /* ViewController.swift in Sources */ = {isa = PBXBuildFile; fileRef = 9C590927200E4F69006512EB /* ViewController.swift */; };
		9C59092B200E4F69006512EB /* Main.storyboard in Resources */ = {isa = PBXBuildFile; fileRef = 9C590929200E4F69006512EB /* Main.storyboard */; };
		9C59092D200E4F69006512EB /* Assets.xcassets in Resources */ = {isa = PBXBuildFile; fileRef = 9C59092C200E4F69006512EB /* Assets.xcassets */; };
		9C590930200E4F69006512EB /* LaunchScreen.storyboard in Resources */ = {isa = PBXBuildFile; fileRef = 9C59092E200E4F69006512EB /* LaunchScreen.storyboard */; };
		9C590940200E5177006512EB /* FireLight.swift in Sources */ = {isa = PBXBuildFile; fileRef = 9C59093B200E5177006512EB /* FireLight.swift */; };
		9C590941200E5177006512EB /* ConnectionBI.swift in Sources */ = {isa = PBXBuildFile; fileRef = 9C59093C200E5177006512EB /* ConnectionBI.swift */; };
		9C590942200E5177006512EB /* RoundColorButton.swift in Sources */ = {isa = PBXBuildFile; fileRef = 9C59093D200E5177006512EB /* RoundColorButton.swift */; };
		9C590943200E5177006512EB /* LedControl.swift in Sources */ = {isa = PBXBuildFile; fileRef = 9C59093E200E5177006512EB /* LedControl.swift */; };
		9C590944200E5177006512EB /* DeviceList.swift in Sources */ = {isa = PBXBuildFile; fileRef = 9C59093F200E5177006512EB /* DeviceList.swift */; };
/* End PBXBuildFile section */

/* Begin PBXFileReference section */
		8B270F9820123D09002179EB /* DeviceListViewController.swift */ = {isa = PBXFileReference; lastKnownFileType = sourcecode.swift; path = DeviceListViewController.swift; sourceTree = "<group>"; };
		8B270F9C20123EE4002179EB /* DeviceViewController.swift */ = {isa = PBXFileReference; lastKnownFileType = sourcecode.swift; path = DeviceViewController.swift; sourceTree = "<group>"; };
		8B7C99212015F40700BF0D40 /* item1ViewController.swift */ = {isa = PBXFileReference; lastKnownFileType = sourcecode.swift; path = item1ViewController.swift; sourceTree = "<group>"; };
		8B7C9923201624BB00BF0D40 /* item2ViewController.swift */ = {isa = PBXFileReference; lastKnownFileType = sourcecode.swift; path = item2ViewController.swift; sourceTree = "<group>"; };
		9C590922200E4F69006512EB /* FireLightIOS.app */ = {isa = PBXFileReference; explicitFileType = wrapper.application; includeInIndex = 0; path = FireLightIOS.app; sourceTree = BUILT_PRODUCTS_DIR; };
		9C590925200E4F69006512EB /* AppDelegate.swift */ = {isa = PBXFileReference; lastKnownFileType = sourcecode.swift; path = AppDelegate.swift; sourceTree = "<group>"; };
		9C590927200E4F69006512EB /* ViewController.swift */ = {isa = PBXFileReference; lastKnownFileType = sourcecode.swift; path = ViewController.swift; sourceTree = "<group>"; };
		9C59092A200E4F69006512EB /* Base */ = {isa = PBXFileReference; lastKnownFileType = file.storyboard; name = Base; path = Base.lproj/Main.storyboard; sourceTree = "<group>"; };
		9C59092C200E4F69006512EB /* Assets.xcassets */ = {isa = PBXFileReference; lastKnownFileType = folder.assetcatalog; path = Assets.xcassets; sourceTree = "<group>"; };
		9C59092F200E4F69006512EB /* Base */ = {isa = PBXFileReference; lastKnownFileType = file.storyboard; name = Base; path = Base.lproj/LaunchScreen.storyboard; sourceTree = "<group>"; };
		9C590931200E4F6A006512EB /* Info.plist */ = {isa = PBXFileReference; lastKnownFileType = text.plist.xml; path = Info.plist; sourceTree = "<group>"; };
		9C59093B200E5177006512EB /* FireLight.swift */ = {isa = PBXFileReference; fileEncoding = 4; lastKnownFileType = sourcecode.swift; path = FireLight.swift; sourceTree = "<group>"; };
		9C59093C200E5177006512EB /* ConnectionBI.swift */ = {isa = PBXFileReference; fileEncoding = 4; lastKnownFileType = sourcecode.swift; path = ConnectionBI.swift; sourceTree = "<group>"; };
		9C59093D200E5177006512EB /* RoundColorButton.swift */ = {isa = PBXFileReference; fileEncoding = 4; lastKnownFileType = sourcecode.swift; path = RoundColorButton.swift; sourceTree = "<group>"; };
		9C59093E200E5177006512EB /* LedControl.swift */ = {isa = PBXFileReference; fileEncoding = 4; lastKnownFileType = sourcecode.swift; path = LedControl.swift; sourceTree = "<group>"; };
		9C59093F200E5177006512EB /* DeviceList.swift */ = {isa = PBXFileReference; fileEncoding = 4; lastKnownFileType = sourcecode.swift; path = DeviceList.swift; sourceTree = "<group>"; };
/* End PBXFileReference section */

/* Begin PBXFrameworksBuildPhase section */
		9C59091F200E4F69006512EB /* Frameworks */ = {
			isa = PBXFrameworksBuildPhase;
			buildActionMask = 2147483647;
			files = (
			);
			runOnlyForDeploymentPostprocessing = 0;
		};
/* End PBXFrameworksBuildPhase section */

/* Begin PBXGroup section */
		8B270F9E20123EF4002179EB /* ViewController */ = {
			isa = PBXGroup;
			children = (
				9C590927200E4F69006512EB /* ViewController.swift */,
				8B270F9820123D09002179EB /* DeviceListViewController.swift */,
				8B270F9C20123EE4002179EB /* DeviceViewController.swift */,
				8B7C99212015F40700BF0D40 /* item1ViewController.swift */,
				8B7C9923201624BB00BF0D40 /* item2ViewController.swift */,
			);
			path = ViewController;
			sourceTree = "<group>";
		};
		9C590919200E4F69006512EB = {
			isa = PBXGroup;
			children = (
				9C590923200E4F69006512EB /* Products */,
				9C590924200E4F69006512EB /* FireLightIOS */,
			);
			sourceTree = "<group>";
		};
		9C590923200E4F69006512EB /* Products */ = {
			isa = PBXGroup;
			children = (
				9C590922200E4F69006512EB /* FireLightIOS.app */,
			);
			name = Products;
			sourceTree = "<group>";
		};
		9C590924200E4F69006512EB /* FireLightIOS */ = {
			isa = PBXGroup;
			children = (
				8B270F9E20123EF4002179EB /* ViewController */,
				9C590946200E5189006512EB /* Styles */,
				9C590945200E5180006512EB /* Ressources */,
				9C590925200E4F69006512EB /* AppDelegate.swift */,
				9C590929200E4F69006512EB /* Main.storyboard */,
				9C59092C200E4F69006512EB /* Assets.xcassets */,
				9C59092E200E4F69006512EB /* LaunchScreen.storyboard */,
				9C590931200E4F6A006512EB /* Info.plist */,
			);
			path = FireLightIOS;
			sourceTree = "<group>";
		};
		9C590945200E5180006512EB /* Ressources */ = {
			isa = PBXGroup;
			children = (
				9C59093C200E5177006512EB /* ConnectionBI.swift */,
				9C59093F200E5177006512EB /* DeviceList.swift */,
				9C59093B200E5177006512EB /* FireLight.swift */,
				9C59093E200E5177006512EB /* LedControl.swift */,
			);
			path = Ressources;
			sourceTree = "<group>";
		};
		9C590946200E5189006512EB /* Styles */ = {
			isa = PBXGroup;
			children = (
				9C59093D200E5177006512EB /* RoundColorButton.swift */,
			);
			path = Styles;
			sourceTree = "<group>";
		};
/* End PBXGroup section */

/* Begin PBXNativeTarget section */
		9C590921200E4F69006512EB /* FireLightIOS */ = {
			isa = PBXNativeTarget;
			buildConfigurationList = 9C590934200E4F6A006512EB /* Build configuration list for PBXNativeTarget "FireLightIOS" */;
			buildPhases = (
				9C59091E200E4F69006512EB /* Sources */,
				9C59091F200E4F69006512EB /* Frameworks */,
				9C590920200E4F69006512EB /* Resources */,
			);
			buildRules = (
			);
			dependencies = (
			);
			name = FireLightIOS;
			productName = FireLightIOS;
			productReference = 9C590922200E4F69006512EB /* FireLightIOS.app */;
			productType = "com.apple.product-type.application";
		};
/* End PBXNativeTarget section */

/* Begin PBXProject section */
		9C59091A200E4F69006512EB /* Project object */ = {
			isa = PBXProject;
			attributes = {
				LastSwiftUpdateCheck = 0920;
				LastUpgradeCheck = 0920;
				ORGANIZATIONNAME = FireLight;
				TargetAttributes = {
					9C590921200E4F69006512EB = {
						CreatedOnToolsVersion = 9.2;
						ProvisioningStyle = Automatic;
					};
				};
			};
			buildConfigurationList = 9C59091D200E4F69006512EB /* Build configuration list for PBXProject "FireLightIOS" */;
			compatibilityVersion = "Xcode 8.0";
			developmentRegion = en;
			hasScannedForEncodings = 0;
			knownRegions = (
				en,
				Base,
			);
			mainGroup = 9C590919200E4F69006512EB;
			productRefGroup = 9C590923200E4F69006512EB /* Products */;
			projectDirPath = "";
			projectRoot = "";
			targets = (
				9C590921200E4F69006512EB /* FireLightIOS */,
			);
		};
/* End PBXProject section */

/* Begin PBXResourcesBuildPhase section */
		9C590920200E4F69006512EB /* Resources */ = {
			isa = PBXResourcesBuildPhase;
			buildActionMask = 2147483647;
			files = (
				9C590930200E4F69006512EB /* LaunchScreen.storyboard in Resources */,
				9C59092D200E4F69006512EB /* Assets.xcassets in Resources */,
				9C59092B200E4F69006512EB /* Main.storyboard in Resources */,
			);
			runOnlyForDeploymentPostprocessing = 0;
		};
/* End PBXResourcesBuildPhase section */

/* Begin PBXSourcesBuildPhase section */
		9C59091E200E4F69006512EB /* Sources */ = {
			isa = PBXSourcesBuildPhase;
			buildActionMask = 2147483647;
			files = (
				9C590941200E5177006512EB /* ConnectionBI.swift in Sources */,
				9C590928200E4F69006512EB /* ViewController.swift in Sources */,
				8B7C9924201624BB00BF0D40 /* item2ViewController.swift in Sources */,
				9C590940200E5177006512EB /* FireLight.swift in Sources */,
				9C590942200E5177006512EB /* RoundColorButton.swift in Sources */,
				8B270F9920123D09002179EB /* DeviceListViewController.swift in Sources */,
				8B7C99222015F40700BF0D40 /* item1ViewController.swift in Sources */,
				9C590926200E4F69006512EB /* AppDelegate.swift in Sources */,
				9C590943200E5177006512EB /* LedControl.swift in Sources */,
				9C590944200E5177006512EB /* DeviceList.swift in Sources */,
				8B270F9D20123EE4002179EB /* DeviceViewController.swift in Sources */,
			);
			runOnlyForDeploymentPostprocessing = 0;
		};
/* End PBXSourcesBuildPhase section */

/* Begin PBXVariantGroup section */
		9C590929200E4F69006512EB /* Main.storyboard */ = {
			isa = PBXVariantGroup;
			children = (
				9C59092A200E4F69006512EB /* Base */,
			);
			name = Main.storyboard;
			sourceTree = "<group>";
		};
		9C59092E200E4F69006512EB /* LaunchScreen.storyboard */ = {
			isa = PBXVariantGroup;
			children = (
				9C59092F200E4F69006512EB /* Base */,
			);
			name = LaunchScreen.storyboard;
			sourceTree = "<group>";
		};
/* End PBXVariantGroup section */

/* Begin XCBuildConfiguration section */
		9C590932200E4F6A006512EB /* Debug */ = {
			isa = XCBuildConfiguration;
			buildSettings = {
				ALWAYS_SEARCH_USER_PATHS = NO;
				CLANG_ANALYZER_NONNULL = YES;
				CLANG_ANALYZER_NUMBER_OBJECT_CONVERSION = YES_AGGRESSIVE;
				CLANG_CXX_LANGUAGE_STANDARD = "gnu++14";
				CLANG_CXX_LIBRARY = "libc++";
				CLANG_ENABLE_MODULES = YES;
				CLANG_ENABLE_OBJC_ARC = YES;
				CLANG_WARN_BLOCK_CAPTURE_AUTORELEASING = YES;
				CLANG_WARN_BOOL_CONVERSION = YES;
				CLANG_WARN_COMMA = YES;
				CLANG_WARN_CONSTANT_CONVERSION = YES;
				CLANG_WARN_DIRECT_OBJC_ISA_USAGE = YES_ERROR;
				CLANG_WARN_DOCUMENTATION_COMMENTS = YES;
				CLANG_WARN_EMPTY_BODY = YES;
				CLANG_WARN_ENUM_CONVERSION = YES;
				CLANG_WARN_INFINITE_RECURSION = YES;
				CLANG_WARN_INT_CONVERSION = YES;
				CLANG_WARN_NON_LITERAL_NULL_CONVERSION = YES;
				CLANG_WARN_OBJC_LITERAL_CONVERSION = YES;
				CLANG_WARN_OBJC_ROOT_CLASS = YES_ERROR;
				CLANG_WARN_RANGE_LOOP_ANALYSIS = YES;
				CLANG_WARN_STRICT_PROTOTYPES = YES;
				CLANG_WARN_SUSPICIOUS_MOVE = YES;
				CLANG_WARN_UNGUARDED_AVAILABILITY = YES_AGGRESSIVE;
				CLANG_WARN_UNREACHABLE_CODE = YES;
				CLANG_WARN__DUPLICATE_METHOD_MATCH = YES;
				CODE_SIGN_IDENTITY = "iPhone Developer";
				COPY_PHASE_STRIP = NO;
				DEBUG_INFORMATION_FORMAT = dwarf;
				ENABLE_STRICT_OBJC_MSGSEND = YES;
				ENABLE_TESTABILITY = YES;
				GCC_C_LANGUAGE_STANDARD = gnu11;
				GCC_DYNAMIC_NO_PIC = NO;
				GCC_NO_COMMON_BLOCKS = YES;
				GCC_OPTIMIZATION_LEVEL = 0;
				GCC_PREPROCESSOR_DEFINITIONS = (
					"DEBUG=1",
					"$(inherited)",
				);
				GCC_WARN_64_TO_32_BIT_CONVERSION = YES;
				GCC_WARN_ABOUT_RETURN_TYPE = YES_ERROR;
				GCC_WARN_UNDECLARED_SELECTOR = YES;
				GCC_WARN_UNINITIALIZED_AUTOS = YES_AGGRESSIVE;
				GCC_WARN_UNUSED_FUNCTION = YES;
				GCC_WARN_UNUSED_VARIABLE = YES;
				IPHONEOS_DEPLOYMENT_TARGET = 11.2;
				MTL_ENABLE_DEBUG_INFO = YES;
				ONLY_ACTIVE_ARCH = YES;
				SDKROOT = iphoneos;
				SWIFT_ACTIVE_COMPILATION_CONDITIONS = DEBUG;
				SWIFT_OPTIMIZATION_LEVEL = "-Onone";
			};
			name = Debug;
		};
		9C590933200E4F6A006512EB /* Release */ = {
			isa = XCBuildConfiguration;
			buildSettings = {
				ALWAYS_SEARCH_USER_PATHS = NO;
				CLANG_ANALYZER_NONNULL = YES;
				CLANG_ANALYZER_NUMBER_OBJECT_CONVERSION = YES_AGGRESSIVE;
				CLANG_CXX_LANGUAGE_STANDARD = "gnu++14";
				CLANG_CXX_LIBRARY = "libc++";
				CLANG_ENABLE_MODULES = YES;
				CLANG_ENABLE_OBJC_ARC = YES;
				CLANG_WARN_BLOCK_CAPTURE_AUTORELEASING = YES;
				CLANG_WARN_BOOL_CONVERSION = YES;
				CLANG_WARN_COMMA = YES;
				CLANG_WARN_CONSTANT_CONVERSION = YES;
				CLANG_WARN_DIRECT_OBJC_ISA_USAGE = YES_ERROR;
				CLANG_WARN_DOCUMENTATION_COMMENTS = YES;
				CLANG_WARN_EMPTY_BODY = YES;
				CLANG_WARN_ENUM_CONVERSION = YES;
				CLANG_WARN_INFINITE_RECURSION = YES;
				CLANG_WARN_INT_CONVERSION = YES;
				CLANG_WARN_NON_LITERAL_NULL_CONVERSION = YES;
				CLANG_WARN_OBJC_LITERAL_CONVERSION = YES;
				CLANG_WARN_OBJC_ROOT_CLASS = YES_ERROR;
				CLANG_WARN_RANGE_LOOP_ANALYSIS = YES;
				CLANG_WARN_STRICT_PROTOTYPES = YES;
				CLANG_WARN_SUSPICIOUS_MOVE = YES;
				CLANG_WARN_UNGUARDED_AVAILABILITY = YES_AGGRESSIVE;
				CLANG_WARN_UNREACHABLE_CODE = YES;
				CLANG_WARN__DUPLICATE_METHOD_MATCH = YES;
				CODE_SIGN_IDENTITY = "iPhone Developer";
				COPY_PHASE_STRIP = NO;
				DEBUG_INFORMATION_FORMAT = "dwarf-with-dsym";
				ENABLE_NS_ASSERTIONS = NO;
				ENABLE_STRICT_OBJC_MSGSEND = YES;
				GCC_C_LANGUAGE_STANDARD = gnu11;
				GCC_NO_COMMON_BLOCKS = YES;
				GCC_WARN_64_TO_32_BIT_CONVERSION = YES;
				GCC_WARN_ABOUT_RETURN_TYPE = YES_ERROR;
				GCC_WARN_UNDECLARED_SELECTOR = YES;
				GCC_WARN_UNINITIALIZED_AUTOS = YES_AGGRESSIVE;
				GCC_WARN_UNUSED_FUNCTION = YES;
				GCC_WARN_UNUSED_VARIABLE = YES;
				IPHONEOS_DEPLOYMENT_TARGET = 11.2;
				MTL_ENABLE_DEBUG_INFO = NO;
				SDKROOT = iphoneos;
				SWIFT_OPTIMIZATION_LEVEL = "-Owholemodule";
				VALIDATE_PRODUCT = YES;
			};
			name = Release;
		};
		9C590935200E4F6A006512EB /* Debug */ = {
			isa = XCBuildConfiguration;
			buildSettings = {
				ASSETCATALOG_COMPILER_APPICON_NAME = AppIcon;
				CODE_SIGN_STYLE = Automatic;
				INFOPLIST_FILE = FireLightIOS/Info.plist;
				IPHONEOS_DEPLOYMENT_TARGET = 11.1;
				LD_RUNPATH_SEARCH_PATHS = "$(inherited) @executable_path/Frameworks";
				PRODUCT_BUNDLE_IDENTIFIER = ynov.FireLight.FireLightIOS;
				PRODUCT_NAME = "$(TARGET_NAME)";
				SWIFT_VERSION = 4.0;
				TARGETED_DEVICE_FAMILY = "1,2";
			};
			name = Debug;
		};
		9C590936200E4F6A006512EB /* Release */ = {
			isa = XCBuildConfiguration;
			buildSettings = {
				ASSETCATALOG_COMPILER_APPICON_NAME = AppIcon;
				CODE_SIGN_STYLE = Automatic;
				INFOPLIST_FILE = FireLightIOS/Info.plist;
				IPHONEOS_DEPLOYMENT_TARGET = 11.1;
				LD_RUNPATH_SEARCH_PATHS = "$(inherited) @executable_path/Frameworks";
				PRODUCT_BUNDLE_IDENTIFIER = ynov.FireLight.FireLightIOS;
				PRODUCT_NAME = "$(TARGET_NAME)";
				SWIFT_VERSION = 4.0;
				TARGETED_DEVICE_FAMILY = "1,2";
			};
			name = Release;
		};
/* End XCBuildConfiguration section */

/* Begin XCConfigurationList section */
		9C59091D200E4F69006512EB /* Build configuration list for PBXProject "FireLightIOS" */ = {
			isa = XCConfigurationList;
			buildConfigurations = (
				9C590932200E4F6A006512EB /* Debug */,
				9C590933200E4F6A006512EB /* Release */,
			);
			defaultConfigurationIsVisible = 0;
			defaultConfigurationName = Release;
		};
		9C590934200E4F6A006512EB /* Build configuration list for PBXNativeTarget "FireLightIOS" */ = {
			isa = XCConfigurationList;
			buildConfigurations = (
				9C590935200E4F6A006512EB /* Debug */,
				9C590936200E4F6A006512EB /* Release */,
			);
			defaultConfigurationIsVisible = 0;
			defaultConfigurationName = Release;
		};
/* End XCConfigurationList section */
	};
	rootObject = 9C59091A200E4F69006512EB /* Project object */;
}
